// !$*UTF8*$!
{
	archiveVersion = 1;
	classes = {
	};
	objectVersion = 46;
	objects = {

/* Begin PBXBuildFile section */
		C8CE43C01B883AA100FE88BD /* main.m in Sources */ = {isa = PBXBuildFile; fileRef = C8CE43BF1B883AA100FE88BD /* main.m */; };
		C8CE43C31B883AA100FE88BD /* AppDelegate.m in Sources */ = {isa = PBXBuildFile; fileRef = C8CE43C21B883AA100FE88BD /* AppDelegate.m */; };
		C8CE43C61B883AA100FE88BD /* ViewController.m in Sources */ = {isa = PBXBuildFile; fileRef = C8CE43C51B883AA100FE88BD /* ViewController.m */; };
		C8CE43C91B883AA100FE88BD /* Main.storyboard in Resources */ = {isa = PBXBuildFile; fileRef = C8CE43C71B883AA100FE88BD /* Main.storyboard */; };
		C8CE43CB1B883AA100FE88BD /* Images.xcassets in Resources */ = {isa = PBXBuildFile; fileRef = C8CE43CA1B883AA100FE88BD /* Images.xcassets */; };
		C8CE43CE1B883AA100FE88BD /* LaunchScreen.xib in Resources */ = {isa = PBXBuildFile; fileRef = C8CE43CC1B883AA100FE88BD /* LaunchScreen.xib */; };
		C8CE43DA1B883AA100FE88BD /* CatTodayTests.m in Sources */ = {isa = PBXBuildFile; fileRef = C8CE43D91B883AA100FE88BD /* CatTodayTests.m */; };
		C8CE43FB1B88504D00FE88BD /* CoreData.framework in Frameworks */ = {isa = PBXBuildFile; fileRef = C8CE43FA1B88504D00FE88BD /* CoreData.framework */; };
		C8CE43FD1B88520600FE88BD /* CoreMedia.framework in Frameworks */ = {isa = PBXBuildFile; fileRef = C8CE43FC1B88520600FE88BD /* CoreMedia.framework */; };
		C8CE44211B8855F600FE88BD /* NotificationCenter.framework in Frameworks */ = {isa = PBXBuildFile; fileRef = C8CE43E91B8847A300FE88BD /* NotificationCenter.framework */; };
		C8CE442C1B8855F600FE88BD /* CatToday Widget.appex in Embed App Extensions */ = {isa = PBXBuildFile; fileRef = C8CE44201B8855F600FE88BD /* CatToday Widget.appex */; settings = {ATTRIBUTES = (RemoveHeadersOnCopy, ); }; };
		C8CE44331B88572200FE88BD /* MainInterface.storyboard in Resources */ = {isa = PBXBuildFile; fileRef = C8CE44321B88572200FE88BD /* MainInterface.storyboard */; };
		C8CE44341B88578600FE88BD /* CoreMedia.framework in Frameworks */ = {isa = PBXBuildFile; fileRef = C8CE43FC1B88520600FE88BD /* CoreMedia.framework */; };
		C8CE44351B88578600FE88BD /* CoreData.framework in Frameworks */ = {isa = PBXBuildFile; fileRef = C8CE43FA1B88504D00FE88BD /* CoreData.framework */; };
		C8CE44371B8857F600FE88BD /* thumb_IMG_5553_1024.jpg in Resources */ = {isa = PBXBuildFile; fileRef = C8CE44361B8857F600FE88BD /* thumb_IMG_5553_1024.jpg */; };
		C8CE44841B885A9300FE88BD /* TodayViewController.m in Sources */ = {isa = PBXBuildFile; fileRef = C8CE44831B885A9300FE88BD /* TodayViewController.m */; };
		C8CE44851B88623700FE88BD /* Images.xcassets in Resources */ = {isa = PBXBuildFile; fileRef = C8CE43CA1B883AA100FE88BD /* Images.xcassets */; };
		C8CE44871B887D5700FE88BD /* cat_1024.png in Resources */ = {isa = PBXBuildFile; fileRef = C8CE44861B887D5700FE88BD /* cat_1024.png */; };
		D8DEB5DD946BC5FB5D76F4CB /* libPods.a in Frameworks */ = {isa = PBXBuildFile; fileRef = 34407B8E900D13FB247E9CEF /* libPods.a */; };
		DB3E90611B884FEE005E9FA5 /* CatTodayTimelineVC.m in Sources */ = {isa = PBXBuildFile; fileRef = DB3E90601B884FEE005E9FA5 /* CatTodayTimelineVC.m */; };
		DB3E90641B88522A005E9FA5 /* CatCollectionViewCell.m in Sources */ = {isa = PBXBuildFile; fileRef = DB3E90631B88522A005E9FA5 /* CatCollectionViewCell.m */; };
		DB3E90661B88559D005E9FA5 /* CatToday-Prefix.m in Sources */ = {isa = PBXBuildFile; fileRef = DB3E90651B88559D005E9FA5 /* CatToday-Prefix.m */; };
		DB3E906C1B88636E005E9FA5 /* UIColor+CatToday.m in Sources */ = {isa = PBXBuildFile; fileRef = DB3E906B1B88636E005E9FA5 /* UIColor+CatToday.m */; };
		DB3E90701B887024005E9FA5 /* PFObject+CatToday.m in Sources */ = {isa = PBXBuildFile; fileRef = DB3E906F1B887024005E9FA5 /* PFObject+CatToday.m */; };
		DB57581A1B8898BA006AD7FC /* TimeLineLayout.m in Sources */ = {isa = PBXBuildFile; fileRef = DB5758191B8898BA006AD7FC /* TimeLineLayout.m */; };
		DB57581D1B889906006AD7FC /* WhiteDecorationCell.m in Sources */ = {isa = PBXBuildFile; fileRef = DB57581C1B889906006AD7FC /* WhiteDecorationCell.m */; };
		DB5758201B88A11A006AD7FC /* WhiteNaviVC.m in Sources */ = {isa = PBXBuildFile; fileRef = DB57581F1B88A11A006AD7FC /* WhiteNaviVC.m */; };
/* End PBXBuildFile section */

/* Begin PBXContainerItemProxy section */
		C8CE43D41B883AA100FE88BD /* PBXContainerItemProxy */ = {
			isa = PBXContainerItemProxy;
			containerPortal = C8CE43B21B883AA000FE88BD /* Project object */;
			proxyType = 1;
			remoteGlobalIDString = C8CE43B91B883AA100FE88BD;
			remoteInfo = CatToday;
		};
		C8CE442A1B8855F600FE88BD /* PBXContainerItemProxy */ = {
			isa = PBXContainerItemProxy;
			containerPortal = C8CE43B21B883AA000FE88BD /* Project object */;
			proxyType = 1;
			remoteGlobalIDString = C8CE441F1B8855F600FE88BD;
			remoteInfo = "CatToday Widget";
		};
/* End PBXContainerItemProxy section */

/* Begin PBXCopyFilesBuildPhase section */
		C8CE43F91B8847A300FE88BD /* Embed App Extensions */ = {
			isa = PBXCopyFilesBuildPhase;
			buildActionMask = 2147483647;
			dstPath = "";
			dstSubfolderSpec = 13;
			files = (
				C8CE442C1B8855F600FE88BD /* CatToday Widget.appex in Embed App Extensions */,
			);
			name = "Embed App Extensions";
			runOnlyForDeploymentPostprocessing = 0;
		};
/* End PBXCopyFilesBuildPhase section */

/* Begin PBXFileReference section */
		1F52DC468E87CA4E7775624A /* Pods.release.xcconfig */ = {isa = PBXFileReference; includeInIndex = 1; lastKnownFileType = text.xcconfig; name = Pods.release.xcconfig; path = "Pods/Target Support Files/Pods/Pods.release.xcconfig"; sourceTree = "<group>"; };
		34407B8E900D13FB247E9CEF /* libPods.a */ = {isa = PBXFileReference; explicitFileType = archive.ar; includeInIndex = 0; path = libPods.a; sourceTree = BUILT_PRODUCTS_DIR; };
		AC62129101A35A15FFDCBFC7 /* Pods.debug.xcconfig */ = {isa = PBXFileReference; includeInIndex = 1; lastKnownFileType = text.xcconfig; name = Pods.debug.xcconfig; path = "Pods/Target Support Files/Pods/Pods.debug.xcconfig"; sourceTree = "<group>"; };
		C8CE43BA1B883AA100FE88BD /* CatToday.app */ = {isa = PBXFileReference; explicitFileType = wrapper.application; includeInIndex = 0; path = CatToday.app; sourceTree = BUILT_PRODUCTS_DIR; };
		C8CE43BE1B883AA100FE88BD /* Info.plist */ = {isa = PBXFileReference; lastKnownFileType = text.plist.xml; path = Info.plist; sourceTree = "<group>"; };
		C8CE43BF1B883AA100FE88BD /* main.m */ = {isa = PBXFileReference; lastKnownFileType = sourcecode.c.objc; path = main.m; sourceTree = "<group>"; };
		C8CE43C11B883AA100FE88BD /* AppDelegate.h */ = {isa = PBXFileReference; lastKnownFileType = sourcecode.c.h; path = AppDelegate.h; sourceTree = "<group>"; };
		C8CE43C21B883AA100FE88BD /* AppDelegate.m */ = {isa = PBXFileReference; lastKnownFileType = sourcecode.c.objc; path = AppDelegate.m; sourceTree = "<group>"; };
		C8CE43C41B883AA100FE88BD /* ViewController.h */ = {isa = PBXFileReference; lastKnownFileType = sourcecode.c.h; path = ViewController.h; sourceTree = "<group>"; };
		C8CE43C51B883AA100FE88BD /* ViewController.m */ = {isa = PBXFileReference; lastKnownFileType = sourcecode.c.objc; path = ViewController.m; sourceTree = "<group>"; };
		C8CE43C81B883AA100FE88BD /* Base */ = {isa = PBXFileReference; lastKnownFileType = file.storyboard; name = Base; path = Base.lproj/Main.storyboard; sourceTree = "<group>"; };
		C8CE43CA1B883AA100FE88BD /* Images.xcassets */ = {isa = PBXFileReference; lastKnownFileType = folder.assetcatalog; path = Images.xcassets; sourceTree = "<group>"; };
		C8CE43CD1B883AA100FE88BD /* Base */ = {isa = PBXFileReference; lastKnownFileType = file.xib; name = Base; path = Base.lproj/LaunchScreen.xib; sourceTree = "<group>"; };
		C8CE43D31B883AA100FE88BD /* CatTodayTests.xctest */ = {isa = PBXFileReference; explicitFileType = wrapper.cfbundle; includeInIndex = 0; path = CatTodayTests.xctest; sourceTree = BUILT_PRODUCTS_DIR; };
		C8CE43D81B883AA100FE88BD /* Info.plist */ = {isa = PBXFileReference; lastKnownFileType = text.plist.xml; path = Info.plist; sourceTree = "<group>"; };
		C8CE43D91B883AA100FE88BD /* CatTodayTests.m */ = {isa = PBXFileReference; lastKnownFileType = sourcecode.c.objc; path = CatTodayTests.m; sourceTree = "<group>"; };
		C8CE43E91B8847A300FE88BD /* NotificationCenter.framework */ = {isa = PBXFileReference; lastKnownFileType = wrapper.framework; name = NotificationCenter.framework; path = System/Library/Frameworks/NotificationCenter.framework; sourceTree = SDKROOT; };
		C8CE43FA1B88504D00FE88BD /* CoreData.framework */ = {isa = PBXFileReference; lastKnownFileType = wrapper.framework; name = CoreData.framework; path = System/Library/Frameworks/CoreData.framework; sourceTree = SDKROOT; };
		C8CE43FC1B88520600FE88BD /* CoreMedia.framework */ = {isa = PBXFileReference; lastKnownFileType = wrapper.framework; name = CoreMedia.framework; path = System/Library/Frameworks/CoreMedia.framework; sourceTree = SDKROOT; };
		C8CE44201B8855F600FE88BD /* CatToday Widget.appex */ = {isa = PBXFileReference; explicitFileType = "wrapper.app-extension"; includeInIndex = 0; path = "CatToday Widget.appex"; sourceTree = BUILT_PRODUCTS_DIR; };
		C8CE44241B8855F600FE88BD /* Info.plist */ = {isa = PBXFileReference; lastKnownFileType = text.plist.xml; path = Info.plist; sourceTree = "<group>"; };
		C8CE44321B88572200FE88BD /* MainInterface.storyboard */ = {isa = PBXFileReference; fileEncoding = 4; lastKnownFileType = file.storyboard; path = MainInterface.storyboard; sourceTree = "<group>"; };
		C8CE44361B8857F600FE88BD /* thumb_IMG_5553_1024.jpg */ = {isa = PBXFileReference; lastKnownFileType = image.jpeg; path = thumb_IMG_5553_1024.jpg; sourceTree = "<group>"; };
		C8CE44821B885A9300FE88BD /* TodayViewController.h */ = {isa = PBXFileReference; fileEncoding = 4; lastKnownFileType = sourcecode.c.h; path = TodayViewController.h; sourceTree = "<group>"; };
		C8CE44831B885A9300FE88BD /* TodayViewController.m */ = {isa = PBXFileReference; fileEncoding = 4; lastKnownFileType = sourcecode.c.objc; path = TodayViewController.m; sourceTree = "<group>"; };
		C8CE44861B887D5700FE88BD /* cat_1024.png */ = {isa = PBXFileReference; lastKnownFileType = image.png; path = cat_1024.png; sourceTree = "<group>"; };
		DB3E905F1B884FEE005E9FA5 /* CatTodayTimelineVC.h */ = {isa = PBXFileReference; fileEncoding = 4; lastKnownFileType = sourcecode.c.h; path = CatTodayTimelineVC.h; sourceTree = "<group>"; };
		DB3E90601B884FEE005E9FA5 /* CatTodayTimelineVC.m */ = {isa = PBXFileReference; fileEncoding = 4; lastKnownFileType = sourcecode.c.objc; path = CatTodayTimelineVC.m; sourceTree = "<group>"; };
		DB3E90621B88522A005E9FA5 /* CatCollectionViewCell.h */ = {isa = PBXFileReference; fileEncoding = 4; lastKnownFileType = sourcecode.c.h; path = CatCollectionViewCell.h; sourceTree = "<group>"; };
		DB3E90631B88522A005E9FA5 /* CatCollectionViewCell.m */ = {isa = PBXFileReference; fileEncoding = 4; lastKnownFileType = sourcecode.c.objc; path = CatCollectionViewCell.m; sourceTree = "<group>"; };
		DB3E90651B88559D005E9FA5 /* CatToday-Prefix.m */ = {isa = PBXFileReference; fileEncoding = 4; lastKnownFileType = sourcecode.c.objc; path = "CatToday-Prefix.m"; sourceTree = "<group>"; };
		DB3E90671B8856CA005E9FA5 /* PrivateKey.h */ = {isa = PBXFileReference; fileEncoding = 4; lastKnownFileType = sourcecode.c.h; path = PrivateKey.h; sourceTree = "<group>"; };
		DB3E90691B885C15005E9FA5 /* Constants.h */ = {isa = PBXFileReference; lastKnownFileType = sourcecode.c.h; path = Constants.h; sourceTree = "<group>"; };
		DB3E906A1B88636E005E9FA5 /* UIColor+CatToday.h */ = {isa = PBXFileReference; fileEncoding = 4; lastKnownFileType = sourcecode.c.h; path = "UIColor+CatToday.h"; sourceTree = "<group>"; };
		DB3E906B1B88636E005E9FA5 /* UIColor+CatToday.m */ = {isa = PBXFileReference; fileEncoding = 4; lastKnownFileType = sourcecode.c.objc; path = "UIColor+CatToday.m"; sourceTree = "<group>"; };
		DB3E906E1B887024005E9FA5 /* PFObject+CatToday.h */ = {isa = PBXFileReference; fileEncoding = 4; lastKnownFileType = sourcecode.c.h; path = "PFObject+CatToday.h"; sourceTree = "<group>"; };
		DB3E906F1B887024005E9FA5 /* PFObject+CatToday.m */ = {isa = PBXFileReference; fileEncoding = 4; lastKnownFileType = sourcecode.c.objc; path = "PFObject+CatToday.m"; sourceTree = "<group>"; };
		DB5758181B8898BA006AD7FC /* TimeLineLayout.h */ = {isa = PBXFileReference; fileEncoding = 4; lastKnownFileType = sourcecode.c.h; path = TimeLineLayout.h; sourceTree = "<group>"; };
		DB5758191B8898BA006AD7FC /* TimeLineLayout.m */ = {isa = PBXFileReference; fileEncoding = 4; lastKnownFileType = sourcecode.c.objc; path = TimeLineLayout.m; sourceTree = "<group>"; };
		DB57581B1B889906006AD7FC /* WhiteDecorationCell.h */ = {isa = PBXFileReference; fileEncoding = 4; lastKnownFileType = sourcecode.c.h; path = WhiteDecorationCell.h; sourceTree = "<group>"; };
		DB57581C1B889906006AD7FC /* WhiteDecorationCell.m */ = {isa = PBXFileReference; fileEncoding = 4; lastKnownFileType = sourcecode.c.objc; path = WhiteDecorationCell.m; sourceTree = "<group>"; };
		DB57581E1B88A11A006AD7FC /* WhiteNaviVC.h */ = {isa = PBXFileReference; fileEncoding = 4; lastKnownFileType = sourcecode.c.h; path = WhiteNaviVC.h; sourceTree = "<group>"; };
		DB57581F1B88A11A006AD7FC /* WhiteNaviVC.m */ = {isa = PBXFileReference; fileEncoding = 4; lastKnownFileType = sourcecode.c.objc; path = WhiteNaviVC.m; sourceTree = "<group>"; };
/* End PBXFileReference section */

/* Begin PBXFrameworksBuildPhase section */
		C8CE43B71B883AA100FE88BD /* Frameworks */ = {
			isa = PBXFrameworksBuildPhase;
			buildActionMask = 2147483647;
			files = (
				C8CE43FD1B88520600FE88BD /* CoreMedia.framework in Frameworks */,
				C8CE43FB1B88504D00FE88BD /* CoreData.framework in Frameworks */,
				D8DEB5DD946BC5FB5D76F4CB /* libPods.a in Frameworks */,
			);
			runOnlyForDeploymentPostprocessing = 0;
		};
		C8CE43D01B883AA100FE88BD /* Frameworks */ = {
			isa = PBXFrameworksBuildPhase;
			buildActionMask = 2147483647;
			files = (
			);
			runOnlyForDeploymentPostprocessing = 0;
		};
		C8CE441D1B8855F600FE88BD /* Frameworks */ = {
			isa = PBXFrameworksBuildPhase;
			buildActionMask = 2147483647;
			files = (
				C8CE44211B8855F600FE88BD /* NotificationCenter.framework in Frameworks */,
				C8CE44341B88578600FE88BD /* CoreMedia.framework in Frameworks */,
				C8CE44351B88578600FE88BD /* CoreData.framework in Frameworks */,
			);
			runOnlyForDeploymentPostprocessing = 0;
		};
/* End PBXFrameworksBuildPhase section */

/* Begin PBXGroup section */
		C8CE43B11B883AA000FE88BD = {
			isa = PBXGroup;
			children = (
				C8CE43BC1B883AA100FE88BD /* CatToday */,
				C8CE43D61B883AA100FE88BD /* CatTodayTests */,
				C8CE44221B8855F600FE88BD /* CatToday Widget */,
				C8CE43E81B8847A300FE88BD /* Frameworks */,
				C8CE43BB1B883AA100FE88BD /* Products */,
				E782FF2DDDF7C2995F3432BA /* Pods */,
				F42844B0507E400D01B75F04 /* Frameworks */,
			);
			sourceTree = "<group>";
		};
		C8CE43BB1B883AA100FE88BD /* Products */ = {
			isa = PBXGroup;
			children = (
				C8CE43BA1B883AA100FE88BD /* CatToday.app */,
				C8CE43D31B883AA100FE88BD /* CatTodayTests.xctest */,
				C8CE44201B8855F600FE88BD /* CatToday Widget.appex */,
			);
			name = Products;
			sourceTree = "<group>";
		};
		C8CE43BC1B883AA100FE88BD /* CatToday */ = {
			isa = PBXGroup;
			children = (
				C8CE43C11B883AA100FE88BD /* AppDelegate.h */,
				C8CE43C21B883AA100FE88BD /* AppDelegate.m */,
				C8CE43C41B883AA100FE88BD /* ViewController.h */,
				C8CE43C51B883AA100FE88BD /* ViewController.m */,
				DB57581E1B88A11A006AD7FC /* WhiteNaviVC.h */,
				DB57581F1B88A11A006AD7FC /* WhiteNaviVC.m */,
				DB3E906D1B886373005E9FA5 /* Common */,
				DB5758171B8898AD006AD7FC /* CollectionView */,
				C8CE43C71B883AA100FE88BD /* Main.storyboard */,
				C8CE43CA1B883AA100FE88BD /* Images.xcassets */,
				C8CE43CC1B883AA100FE88BD /* LaunchScreen.xib */,
				C8CE43BD1B883AA100FE88BD /* Supporting Files */,
			);
			path = CatToday;
			sourceTree = "<group>";
		};
		C8CE43BD1B883AA100FE88BD /* Supporting Files */ = {
			isa = PBXGroup;
			children = (
				DB3E90671B8856CA005E9FA5 /* PrivateKey.h */,
				DB3E90691B885C15005E9FA5 /* Constants.h */,
				DB3E90651B88559D005E9FA5 /* CatToday-Prefix.m */,
				C8CE43BE1B883AA100FE88BD /* Info.plist */,
				C8CE43BF1B883AA100FE88BD /* main.m */,
			);
			name = "Supporting Files";
			sourceTree = "<group>";
		};
		C8CE43D61B883AA100FE88BD /* CatTodayTests */ = {
			isa = PBXGroup;
			children = (
				C8CE43D91B883AA100FE88BD /* CatTodayTests.m */,
				C8CE43D71B883AA100FE88BD /* Supporting Files */,
			);
			path = CatTodayTests;
			sourceTree = "<group>";
		};
		C8CE43D71B883AA100FE88BD /* Supporting Files */ = {
			isa = PBXGroup;
			children = (
				C8CE43D81B883AA100FE88BD /* Info.plist */,
			);
			name = "Supporting Files";
			sourceTree = "<group>";
		};
		C8CE43E81B8847A300FE88BD /* Frameworks */ = {
			isa = PBXGroup;
			children = (
				C8CE43FC1B88520600FE88BD /* CoreMedia.framework */,
				C8CE43FA1B88504D00FE88BD /* CoreData.framework */,
				C8CE43E91B8847A300FE88BD /* NotificationCenter.framework */,
			);
			name = Frameworks;
			sourceTree = "<group>";
		};
		C8CE44221B8855F600FE88BD /* CatToday Widget */ = {
			isa = PBXGroup;
			children = (
				C8CE44861B887D5700FE88BD /* cat_1024.png */,
				C8CE44361B8857F600FE88BD /* thumb_IMG_5553_1024.jpg */,
				C8CE44821B885A9300FE88BD /* TodayViewController.h */,
				C8CE44831B885A9300FE88BD /* TodayViewController.m */,
				C8CE44321B88572200FE88BD /* MainInterface.storyboard */,
				C8CE44231B8855F600FE88BD /* Supporting Files */,
			);
			path = "CatToday Widget";
			sourceTree = "<group>";
		};
		C8CE44231B8855F600FE88BD /* Supporting Files */ = {
			isa = PBXGroup;
			children = (
				C8CE44241B8855F600FE88BD /* Info.plist */,
			);
			name = "Supporting Files";
			sourceTree = "<unknown>";
		};
		DB3E906D1B886373005E9FA5 /* Common */ = {
			isa = PBXGroup;
			children = (
				DB3E906A1B88636E005E9FA5 /* UIColor+CatToday.h */,
				DB3E906B1B88636E005E9FA5 /* UIColor+CatToday.m */,
				DB3E906E1B887024005E9FA5 /* PFObject+CatToday.h */,
				DB3E906F1B887024005E9FA5 /* PFObject+CatToday.m */,
			);
			name = Common;
			sourceTree = "<group>";
		};
		DB5758171B8898AD006AD7FC /* CollectionView */ = {
			isa = PBXGroup;
			children = (
				DB57581B1B889906006AD7FC /* WhiteDecorationCell.h */,
				DB57581C1B889906006AD7FC /* WhiteDecorationCell.m */,
				DB5758181B8898BA006AD7FC /* TimeLineLayout.h */,
				DB5758191B8898BA006AD7FC /* TimeLineLayout.m */,
				DB3E905F1B884FEE005E9FA5 /* CatTodayTimelineVC.h */,
				DB3E90601B884FEE005E9FA5 /* CatTodayTimelineVC.m */,
				DB3E90621B88522A005E9FA5 /* CatCollectionViewCell.h */,
				DB3E90631B88522A005E9FA5 /* CatCollectionViewCell.m */,
			);
			name = CollectionView;
			sourceTree = "<group>";
		};
		E782FF2DDDF7C2995F3432BA /* Pods */ = {
			isa = PBXGroup;
			children = (
				AC62129101A35A15FFDCBFC7 /* Pods.debug.xcconfig */,
				1F52DC468E87CA4E7775624A /* Pods.release.xcconfig */,
			);
			name = Pods;
			sourceTree = "<group>";
		};
		F42844B0507E400D01B75F04 /* Frameworks */ = {
			isa = PBXGroup;
			children = (
				34407B8E900D13FB247E9CEF /* libPods.a */,
			);
			name = Frameworks;
			sourceTree = "<group>";
		};
/* End PBXGroup section */

/* Begin PBXNativeTarget section */
		C8CE43B91B883AA100FE88BD /* CatToday */ = {
			isa = PBXNativeTarget;
			buildConfigurationList = C8CE43DD1B883AA100FE88BD /* Build configuration list for PBXNativeTarget "CatToday" */;
			buildPhases = (
				02914FF1C87188FBF110DFB3 /* Check Pods Manifest.lock */,
				C8CE43B61B883AA100FE88BD /* Sources */,
				C8CE43B71B883AA100FE88BD /* Frameworks */,
				C8CE43B81B883AA100FE88BD /* Resources */,
				C8CE43F91B8847A300FE88BD /* Embed App Extensions */,
				12DD17E83E3F5CB851AFBE8E /* Copy Pods Resources */,
			);
			buildRules = (
			);
			dependencies = (
				C8CE442B1B8855F600FE88BD /* PBXTargetDependency */,
			);
			name = CatToday;
			productName = CatToday;
			productReference = C8CE43BA1B883AA100FE88BD /* CatToday.app */;
			productType = "com.apple.product-type.application";
		};
		C8CE43D21B883AA100FE88BD /* CatTodayTests */ = {
			isa = PBXNativeTarget;
			buildConfigurationList = C8CE43E01B883AA100FE88BD /* Build configuration list for PBXNativeTarget "CatTodayTests" */;
			buildPhases = (
				C8CE43CF1B883AA100FE88BD /* Sources */,
				C8CE43D01B883AA100FE88BD /* Frameworks */,
				C8CE43D11B883AA100FE88BD /* Resources */,
			);
			buildRules = (
			);
			dependencies = (
				C8CE43D51B883AA100FE88BD /* PBXTargetDependency */,
			);
			name = CatTodayTests;
			productName = CatTodayTests;
			productReference = C8CE43D31B883AA100FE88BD /* CatTodayTests.xctest */;
			productType = "com.apple.product-type.bundle.unit-test";
		};
		C8CE441F1B8855F600FE88BD /* CatToday Widget */ = {
			isa = PBXNativeTarget;
			buildConfigurationList = C8CE442D1B8855F600FE88BD /* Build configuration list for PBXNativeTarget "CatToday Widget" */;
			buildPhases = (
				C8CE441C1B8855F600FE88BD /* Sources */,
				C8CE441D1B8855F600FE88BD /* Frameworks */,
				C8CE441E1B8855F600FE88BD /* Resources */,
			);
			buildRules = (
			);
			dependencies = (
			);
			name = "CatToday Widget";
			productName = "CatToday Widget";
			productReference = C8CE44201B8855F600FE88BD /* CatToday Widget.appex */;
			productType = "com.apple.product-type.app-extension";
		};
/* End PBXNativeTarget section */

/* Begin PBXProject section */
		C8CE43B21B883AA000FE88BD /* Project object */ = {
			isa = PBXProject;
			attributes = {
				LastUpgradeCheck = 0640;
				ORGANIZATIONNAME = HackUC;
				TargetAttributes = {
					C8CE43B91B883AA100FE88BD = {
						CreatedOnToolsVersion = 6.4;
					};
					C8CE43D21B883AA100FE88BD = {
						CreatedOnToolsVersion = 6.4;
						TestTargetID = C8CE43B91B883AA100FE88BD;
					};
					C8CE441F1B8855F600FE88BD = {
						CreatedOnToolsVersion = 6.4;
						DevelopmentTeam = CA87FF3BME;
					};
				};
			};
			buildConfigurationList = C8CE43B51B883AA000FE88BD /* Build configuration list for PBXProject "CatToday" */;
			compatibilityVersion = "Xcode 3.2";
			developmentRegion = English;
			hasScannedForEncodings = 0;
			knownRegions = (
				en,
				Base,
			);
			mainGroup = C8CE43B11B883AA000FE88BD;
			productRefGroup = C8CE43BB1B883AA100FE88BD /* Products */;
			projectDirPath = "";
			projectRoot = "";
			targets = (
				C8CE43B91B883AA100FE88BD /* CatToday */,
				C8CE43D21B883AA100FE88BD /* CatTodayTests */,
				C8CE441F1B8855F600FE88BD /* CatToday Widget */,
			);
		};
/* End PBXProject section */

/* Begin PBXResourcesBuildPhase section */
		C8CE43B81B883AA100FE88BD /* Resources */ = {
			isa = PBXResourcesBuildPhase;
			buildActionMask = 2147483647;
			files = (
				C8CE43C91B883AA100FE88BD /* Main.storyboard in Resources */,
				C8CE43CE1B883AA100FE88BD /* LaunchScreen.xib in Resources */,
				C8CE43CB1B883AA100FE88BD /* Images.xcassets in Resources */,
			);
			runOnlyForDeploymentPostprocessing = 0;
		};
		C8CE43D11B883AA100FE88BD /* Resources */ = {
			isa = PBXResourcesBuildPhase;
			buildActionMask = 2147483647;
			files = (
			);
			runOnlyForDeploymentPostprocessing = 0;
		};
		C8CE441E1B8855F600FE88BD /* Resources */ = {
			isa = PBXResourcesBuildPhase;
			buildActionMask = 2147483647;
			files = (
				C8CE44851B88623700FE88BD /* Images.xcassets in Resources */,
				C8CE44871B887D5700FE88BD /* cat_1024.png in Resources */,
				C8CE44331B88572200FE88BD /* MainInterface.storyboard in Resources */,
				C8CE44371B8857F600FE88BD /* thumb_IMG_5553_1024.jpg in Resources */,
			);
			runOnlyForDeploymentPostprocessing = 0;
		};
/* End PBXResourcesBuildPhase section */

/* Begin PBXShellScriptBuildPhase section */
		02914FF1C87188FBF110DFB3 /* Check Pods Manifest.lock */ = {
			isa = PBXShellScriptBuildPhase;
			buildActionMask = 2147483647;
			files = (
			);
			inputPaths = (
			);
			name = "Check Pods Manifest.lock";
			outputPaths = (
			);
			runOnlyForDeploymentPostprocessing = 0;
			shellPath = /bin/sh;
			shellScript = "diff \"${PODS_ROOT}/../Podfile.lock\" \"${PODS_ROOT}/Manifest.lock\" > /dev/null\nif [[ $? != 0 ]] ; then\n    cat << EOM\nerror: The sandbox is not in sync with the Podfile.lock. Run 'pod install' or update your CocoaPods installation.\nEOM\n    exit 1\nfi\n";
			showEnvVarsInLog = 0;
		};
		12DD17E83E3F5CB851AFBE8E /* Copy Pods Resources */ = {
			isa = PBXShellScriptBuildPhase;
			buildActionMask = 2147483647;
			files = (
			);
			inputPaths = (
			);
			name = "Copy Pods Resources";
			outputPaths = (
			);
			runOnlyForDeploymentPostprocessing = 0;
			shellPath = /bin/sh;
			shellScript = "\"${SRCROOT}/Pods/Target Support Files/Pods/Pods-resources.sh\"\n";
			showEnvVarsInLog = 0;
		};
/* End PBXShellScriptBuildPhase section */

/* Begin PBXSourcesBuildPhase section */
		C8CE43B61B883AA100FE88BD /* Sources */ = {
			isa = PBXSourcesBuildPhase;
			buildActionMask = 2147483647;
			files = (
				C8CE43C61B883AA100FE88BD /* ViewController.m in Sources */,
				C8CE43C31B883AA100FE88BD /* AppDelegate.m in Sources */,
				DB3E90661B88559D005E9FA5 /* CatToday-Prefix.m in Sources */,
				DB57581A1B8898BA006AD7FC /* TimeLineLayout.m in Sources */,
				DB3E90611B884FEE005E9FA5 /* CatTodayTimelineVC.m in Sources */,
				C8CE43C01B883AA100FE88BD /* main.m in Sources */,
				DB3E90701B887024005E9FA5 /* PFObject+CatToday.m in Sources */,
				DB3E906C1B88636E005E9FA5 /* UIColor+CatToday.m in Sources */,
				DB57581D1B889906006AD7FC /* WhiteDecorationCell.m in Sources */,
				DB3E90641B88522A005E9FA5 /* CatCollectionViewCell.m in Sources */,
				DB5758201B88A11A006AD7FC /* WhiteNaviVC.m in Sources */,
			);
			runOnlyForDeploymentPostprocessing = 0;
		};
		C8CE43CF1B883AA100FE88BD /* Sources */ = {
			isa = PBXSourcesBuildPhase;
			buildActionMask = 2147483647;
			files = (
				C8CE43DA1B883AA100FE88BD /* CatTodayTests.m in Sources */,
			);
			runOnlyForDeploymentPostprocessing = 0;
		};
		C8CE441C1B8855F600FE88BD /* Sources */ = {
			isa = PBXSourcesBuildPhase;
			buildActionMask = 2147483647;
			files = (
				C8CE44841B885A9300FE88BD /* TodayViewController.m in Sources */,
			);
			runOnlyForDeploymentPostprocessing = 0;
		};
/* End PBXSourcesBuildPhase section */

/* Begin PBXTargetDependency section */
		C8CE43D51B883AA100FE88BD /* PBXTargetDependency */ = {
			isa = PBXTargetDependency;
			target = C8CE43B91B883AA100FE88BD /* CatToday */;
			targetProxy = C8CE43D41B883AA100FE88BD /* PBXContainerItemProxy */;
		};
		C8CE442B1B8855F600FE88BD /* PBXTargetDependency */ = {
			isa = PBXTargetDependency;
			target = C8CE441F1B8855F600FE88BD /* CatToday Widget */;
			targetProxy = C8CE442A1B8855F600FE88BD /* PBXContainerItemProxy */;
		};
/* End PBXTargetDependency section */

/* Begin PBXVariantGroup section */
		C8CE43C71B883AA100FE88BD /* Main.storyboard */ = {
			isa = PBXVariantGroup;
			children = (
				C8CE43C81B883AA100FE88BD /* Base */,
			);
			name = Main.storyboard;
			sourceTree = "<group>";
		};
		C8CE43CC1B883AA100FE88BD /* LaunchScreen.xib */ = {
			isa = PBXVariantGroup;
			children = (
				C8CE43CD1B883AA100FE88BD /* Base */,
			);
			name = LaunchScreen.xib;
			sourceTree = "<group>";
		};
/* End PBXVariantGroup section */

/* Begin XCBuildConfiguration section */
		C8CE43DB1B883AA100FE88BD /* Debug */ = {
			isa = XCBuildConfiguration;
			buildSettings = {
				ALWAYS_SEARCH_USER_PATHS = NO;
				CLANG_CXX_LANGUAGE_STANDARD = "gnu++0x";
				CLANG_CXX_LIBRARY = "libc++";
				CLANG_ENABLE_MODULES = YES;
				CLANG_ENABLE_OBJC_ARC = YES;
				CLANG_WARN_BOOL_CONVERSION = YES;
				CLANG_WARN_CONSTANT_CONVERSION = YES;
				CLANG_WARN_DIRECT_OBJC_ISA_USAGE = YES_ERROR;
				CLANG_WARN_EMPTY_BODY = YES;
				CLANG_WARN_ENUM_CONVERSION = YES;
				CLANG_WARN_INT_CONVERSION = YES;
				CLANG_WARN_OBJC_ROOT_CLASS = YES_ERROR;
				CLANG_WARN_UNREACHABLE_CODE = YES;
				CLANG_WARN__DUPLICATE_METHOD_MATCH = YES;
				"CODE_SIGN_IDENTITY[sdk=iphoneos*]" = "iPhone Developer: ChienJu Lin (YWP4MXC669)";
				COPY_PHASE_STRIP = NO;
				DEBUG_INFORMATION_FORMAT = "dwarf-with-dsym";
				ENABLE_STRICT_OBJC_MSGSEND = YES;
				GCC_C_LANGUAGE_STANDARD = gnu99;
				GCC_DYNAMIC_NO_PIC = NO;
				GCC_NO_COMMON_BLOCKS = YES;
				GCC_OPTIMIZATION_LEVEL = 0;
				GCC_PREPROCESSOR_DEFINITIONS = (
					"DEBUG=1",
					"$(inherited)",
				);
				GCC_SYMBOLS_PRIVATE_EXTERN = NO;
				GCC_WARN_64_TO_32_BIT_CONVERSION = YES;
				GCC_WARN_ABOUT_RETURN_TYPE = YES_ERROR;
				GCC_WARN_UNDECLARED_SELECTOR = YES;
				GCC_WARN_UNINITIALIZED_AUTOS = YES_AGGRESSIVE;
				GCC_WARN_UNUSED_FUNCTION = YES;
				GCC_WARN_UNUSED_VARIABLE = YES;
				IPHONEOS_DEPLOYMENT_TARGET = 8.4;
				MTL_ENABLE_DEBUG_INFO = YES;
				ONLY_ACTIVE_ARCH = YES;
				SDKROOT = iphoneos;
			};
			name = Debug;
		};
		C8CE43DC1B883AA100FE88BD /* Release */ = {
			isa = XCBuildConfiguration;
			buildSettings = {
				ALWAYS_SEARCH_USER_PATHS = NO;
				CLANG_CXX_LANGUAGE_STANDARD = "gnu++0x";
				CLANG_CXX_LIBRARY = "libc++";
				CLANG_ENABLE_MODULES = YES;
				CLANG_ENABLE_OBJC_ARC = YES;
				CLANG_WARN_BOOL_CONVERSION = YES;
				CLANG_WARN_CONSTANT_CONVERSION = YES;
				CLANG_WARN_DIRECT_OBJC_ISA_USAGE = YES_ERROR;
				CLANG_WARN_EMPTY_BODY = YES;
				CLANG_WARN_ENUM_CONVERSION = YES;
				CLANG_WARN_INT_CONVERSION = YES;
				CLANG_WARN_OBJC_ROOT_CLASS = YES_ERROR;
				CLANG_WARN_UNREACHABLE_CODE = YES;
				CLANG_WARN__DUPLICATE_METHOD_MATCH = YES;
				"CODE_SIGN_IDENTITY[sdk=iphoneos*]" = "iPhone Developer: ChienJu Lin (YWP4MXC669)";
				COPY_PHASE_STRIP = NO;
				DEBUG_INFORMATION_FORMAT = "dwarf-with-dsym";
				ENABLE_NS_ASSERTIONS = NO;
				ENABLE_STRICT_OBJC_MSGSEND = YES;
				GCC_C_LANGUAGE_STANDARD = gnu99;
				GCC_NO_COMMON_BLOCKS = YES;
				GCC_WARN_64_TO_32_BIT_CONVERSION = YES;
				GCC_WARN_ABOUT_RETURN_TYPE = YES_ERROR;
				GCC_WARN_UNDECLARED_SELECTOR = YES;
				GCC_WARN_UNINITIALIZED_AUTOS = YES_AGGRESSIVE;
				GCC_WARN_UNUSED_FUNCTION = YES;
				GCC_WARN_UNUSED_VARIABLE = YES;
				IPHONEOS_DEPLOYMENT_TARGET = 8.4;
				MTL_ENABLE_DEBUG_INFO = NO;
				SDKROOT = iphoneos;
				VALIDATE_PRODUCT = YES;
			};
			name = Release;
		};
		C8CE43DE1B883AA100FE88BD /* Debug */ = {
			isa = XCBuildConfiguration;
			baseConfigurationReference = AC62129101A35A15FFDCBFC7 /* Pods.debug.xcconfig */;
			buildSettings = {
				ASSETCATALOG_COMPILER_APPICON_NAME = AppIcon;
				ASSETCATALOG_COMPILER_LAUNCHIMAGE_NAME = LaunchImage;
				INFOPLIST_FILE = CatToday/Info.plist;
				LD_RUNPATH_SEARCH_PATHS = "$(inherited) @executable_path/Frameworks";
				PRODUCT_NAME = "$(TARGET_NAME)";
			};
			name = Debug;
		};
		C8CE43DF1B883AA100FE88BD /* Release */ = {
			isa = XCBuildConfiguration;
			baseConfigurationReference = 1F52DC468E87CA4E7775624A /* Pods.release.xcconfig */;
			buildSettings = {
				ASSETCATALOG_COMPILER_APPICON_NAME = AppIcon;
				ASSETCATALOG_COMPILER_LAUNCHIMAGE_NAME = LaunchImage;
				INFOPLIST_FILE = CatToday/Info.plist;
				LD_RUNPATH_SEARCH_PATHS = "$(inherited) @executable_path/Frameworks";
				PRODUCT_NAME = "$(TARGET_NAME)";
			};
			name = Release;
		};
		C8CE43E11B883AA100FE88BD /* Debug */ = {
			isa = XCBuildConfiguration;
			buildSettings = {
				BUNDLE_LOADER = "$(TEST_HOST)";
				FRAMEWORK_SEARCH_PATHS = (
					"$(SDKROOT)/Developer/Library/Frameworks",
					"$(inherited)",
				);
				GCC_PREPROCESSOR_DEFINITIONS = (
					"DEBUG=1",
					"$(inherited)",
				);
				INFOPLIST_FILE = CatTodayTests/Info.plist;
				LD_RUNPATH_SEARCH_PATHS = "$(inherited) @executable_path/Frameworks @loader_path/Frameworks";
				PRODUCT_NAME = "$(TARGET_NAME)";
				TEST_HOST = "$(BUILT_PRODUCTS_DIR)/CatToday.app/CatToday";
			};
			name = Debug;
		};
		C8CE43E21B883AA100FE88BD /* Release */ = {
			isa = XCBuildConfiguration;
			buildSettings = {
				BUNDLE_LOADER = "$(TEST_HOST)";
				FRAMEWORK_SEARCH_PATHS = (
					"$(SDKROOT)/Developer/Library/Frameworks",
					"$(inherited)",
				);
				INFOPLIST_FILE = CatTodayTests/Info.plist;
				LD_RUNPATH_SEARCH_PATHS = "$(inherited) @executable_path/Frameworks @loader_path/Frameworks";
				PRODUCT_NAME = "$(TARGET_NAME)";
				TEST_HOST = "$(BUILT_PRODUCTS_DIR)/CatToday.app/CatToday";
			};
			name = Release;
		};
		C8CE442E1B8855F600FE88BD /* Debug */ = {
			isa = XCBuildConfiguration;
			buildSettings = {
				ASSETCATALOG_COMPILER_LAUNCHIMAGE_NAME = LaunchImage;
				CODE_SIGN_IDENTITY = "iPhone Developer";
				"CODE_SIGN_IDENTITY[sdk=iphoneos*]" = "iPhone Developer";
				GCC_PREPROCESSOR_DEFINITIONS = (
					"DEBUG=1",
					"$(inherited)",
				);
				INFOPLIST_FILE = "CatToday Widget/Info.plist";
				LD_RUNPATH_SEARCH_PATHS = "$(inherited) @executable_path/Frameworks @executable_path/../../Frameworks";
				PRODUCT_NAME = "$(TARGET_NAME)";
				PROVISIONING_PROFILE = "";
				SKIP_INSTALL = YES;
			};
			name = Debug;
		};
		C8CE442F1B8855F600FE88BD /* Release */ = {
			isa = XCBuildConfiguration;
			buildSettings = {
				ASSETCATALOG_COMPILER_LAUNCHIMAGE_NAME = LaunchImage;
				CODE_SIGN_IDENTITY = "iPhone Developer";
				"CODE_SIGN_IDENTITY[sdk=iphoneos*]" = "iPhone Developer";
				INFOPLIST_FILE = "CatToday Widget/Info.plist";
				LD_RUNPATH_SEARCH_PATHS = "$(inherited) @executable_path/Frameworks @executable_path/../../Frameworks";
				PRODUCT_NAME = "$(TARGET_NAME)";
				PROVISIONING_PROFILE = "";
				SKIP_INSTALL = YES;
			};
			name = Release;
		};
/* End XCBuildConfiguration section */

/* Begin XCConfigurationList section */
		C8CE43B51B883AA000FE88BD /* Build configuration list for PBXProject "CatToday" */ = {
			isa = XCConfigurationList;
			buildConfigurations = (
				C8CE43DB1B883AA100FE88BD /* Debug */,
				C8CE43DC1B883AA100FE88BD /* Release */,
			);
			defaultConfigurationIsVisible = 0;
			defaultConfigurationName = Release;
		};
		C8CE43DD1B883AA100FE88BD /* Build configuration list for PBXNativeTarget "CatToday" */ = {
			isa = XCConfigurationList;
			buildConfigurations = (
				C8CE43DE1B883AA100FE88BD /* Debug */,
				C8CE43DF1B883AA100FE88BD /* Release */,
			);
			defaultConfigurationIsVisible = 0;
			defaultConfigurationName = Release;
		};
		C8CE43E01B883AA100FE88BD /* Build configuration list for PBXNativeTarget "CatTodayTests" */ = {
			isa = XCConfigurationList;
			buildConfigurations = (
				C8CE43E11B883AA100FE88BD /* Debug */,
				C8CE43E21B883AA100FE88BD /* Release */,
			);
			defaultConfigurationIsVisible = 0;
			defaultConfigurationName = Release;
		};
		C8CE442D1B8855F600FE88BD /* Build configuration list for PBXNativeTarget "CatToday Widget" */ = {
			isa = XCConfigurationList;
			buildConfigurations = (
				C8CE442E1B8855F600FE88BD /* Debug */,
				C8CE442F1B8855F600FE88BD /* Release */,
			);
			defaultConfigurationIsVisible = 0;
			defaultConfigurationName = Release;
		};
/* End XCConfigurationList section */
	};
	rootObject = C8CE43B21B883AA000FE88BD /* Project object */;
}
